# THIS IS AN AUTOGENERATED FILE. DO NOT EDIT THIS FILE DIRECTLY.
# yarn lockfile v1


shopify-buy@^2.11.0:
  version "2.11.0"
  resolved "https://registry.yarnpkg.com/shopify-buy/-/shopify-buy-2.11.0.tgz#0f7cb52741395e4ae778c336f32ddf3fe67c2f35"
  integrity sha512-bGjS1b/VCPvCjazSstlKwgLtK1WBotWom06/12loja8yfo/cWkLuJsakBbQe1uEIDiOLhKaR0M0CAXZFheYDug==
